
Microsoft Visual Studio Solution File, Format Version 12.00
# Visual Studio Version 16
VisualStudioVersion = 16.0.32126.315
MinimumVisualStudioVersion = 10.0.40219.1
Project("{FAE04EC0-301F-11D3-BF4B-00C04F79EFBC}") = "praktikumw7", "praktikumw7\praktikumw7.csproj", "{94BF97E0-8FB0-4FF2-B6E2-83B3AC703D8D}"
EndProject
Global
	GlobalSection(SolutionConfigurationPlatforms) = preSolution
		Debug|Any CPU = Debug|Any CPU
		Release|Any CPU = Release|Any CPU
	EndGlobalSection
	GlobalSection(ProjectConfigurationPlatforms) = postSolution
		{94BF97E0-8FB0-4FF2-B6E2-83B3AC703D8D}.Debug|Any CPU.ActiveCfg = Debug|Any CPU
		{94BF97E0-8FB0-4FF2-B6E2-83B3AC703D8D}.Debug|Any CPU.Build.0 = Debug|Any CPU
		{94BF97E0-8FB0-4FF2-B6E2-83B3AC703D8D}.Release|Any CPU.ActiveCfg = Release|Any CPU
		{94BF97E0-8FB0-4FF2-B6E2-83B3AC703D8D}.Release|Any CPU.Build.0 = Release|Any CPU
	EndGlobalSection
	GlobalSection(SolutionProperties) = preSolution
		HideSolutionNode = FALSE
	EndGlobalSection
	GlobalSection(ExtensibilityGlobals) = postSolution
		SolutionGuid = {EE7213F5-0F6F-4458-AEDF-650C5350C8E3}
	EndGlobalSection
EndGlobal
